<?xml version="1.0" encoding="utf-8"?>
<Project ToolsVersion="4.0" xmlns="http://schemas.microsoft.com/developer/msbuild/2003">
  <ItemGroup>
    <ClCompile Include="src\MovementManager\easeFunctions.cpp">
      <Filter>Source files\MovementManager</Filter>
    </ClCompile>
    <ClCompile Include="src\MovementManager\MovementContainer.cpp">
      <Filter>Source files\MovementManager</Filter>
    </ClCompile>
    <ClCompile Include="src\MovementManager\MovementManager.cpp">
      <Filter>Source files\MovementManager</Filter>
    </ClCompile>
    <ClCompile Include="src\MovementManager\RoutineContainer.cpp">
      <Filter>Source files\MovementManager</Filter>
    </ClCompile>
    <ClCompile Include="src\MovementManager\SidePanel.cpp">
      <Filter>Source files\MovementManager</Filter>
    </ClCompile>
    <ClCompile Include="src\MovementManager\transformationInfo.cpp">
      <Filter>Source files\MovementManager</Filter>
    </ClCompile>
    <ClCompile Include="src\MovementManager\TransformationRoutine.cpp">
      <Filter>Source files\MovementManager</Filter>
    </ClCompile>
    <ClCompile Include="src\MovementManager\VertexArray2.cpp">
      <Filter>Source files\MovementManager</Filter>
    </ClCompile>
    <ClCompile Include="src\main.cpp">
      <Filter>Source files</Filter>
    </ClCompile>
    <ClCompile Include="src\PointManager.cpp">
      <Filter>Source files</Filter>
    </ClCompile>
    <ClCompile Include="src\Bisector.cpp">
      <Filter>Source files</Filter>
    </ClCompile>
    <ClCompile Include="src\Cell.cpp">
      <Filter>Source files</Filter>
    </ClCompile>
    <ClCompile Include="src\Edge.cpp">
      <Filter>Source files</Filter>
    </ClCompile>
    <ClCompile Include="src\Application.cpp">
      <Filter>Source files</Filter>
    </ClCompile>
    <ClCompile Include="src\VoronoiMesh.cpp">
      <Filter>Source files</Filter>
    </ClCompile>
    <ClCompile Include="src\GUI.cpp">
      <Filter>Source files</Filter>
    </ClCompile>
  </ItemGroup>
  <ItemGroup>
    <ClInclude Include="src\MovementManager\VertexArray2.h">
      <Filter>Header files\MovementManager</Filter>
    </ClInclude>
    <ClInclude Include="src\MovementManager\easeFunctions.h">
      <Filter>Header files\MovementManager</Filter>
    </ClInclude>
    <ClInclude Include="src\MovementManager\MovementContainer.h">
      <Filter>Header files\MovementManager</Filter>
    </ClInclude>
    <ClInclude Include="src\MovementManager\MovementManager.h">
      <Filter>Header files\MovementManager</Filter>
    </ClInclude>
    <ClInclude Include="src\MovementManager\RoutineContainer.h">
      <Filter>Header files\MovementManager</Filter>
    </ClInclude>
    <ClInclude Include="src\MovementManager\SidePanel.h">
      <Filter>Header files\MovementManager</Filter>
    </ClInclude>
    <ClInclude Include="src\MovementManager\transformationInfo.h">
      <Filter>Header files\MovementManager</Filter>
    </ClInclude>
    <ClInclude Include="src\MovementManager\TransformationRoutine.h">
      <Filter>Header files\MovementManager</Filter>
    </ClInclude>
    <ClInclude Include="src\VoronoiMesh.h">
      <Filter>Header files</Filter>
    </ClInclude>
    <ClInclude Include="src\Application.h">
      <Filter>Header files</Filter>
    </ClInclude>
    <ClInclude Include="src\Bisector.h">
      <Filter>Header files</Filter>
    </ClInclude>
    <ClInclude Include="src\Cell.h">
      <Filter>Header files</Filter>
    </ClInclude>
    <ClInclude Include="src\Edge.h">
      <Filter>Header files</Filter>
    </ClInclude>
    <ClInclude Include="src\PointManager.h">
      <Filter>Header files</Filter>
    </ClInclude>
    <ClInclude Include="src\GUI.h">
      <Filter>Header files</Filter>
    </ClInclude>
  </ItemGroup>
  <ItemGroup>
    <Filter Include="Header files">
      <UniqueIdentifier>{de78d741-913d-4df8-a52e-34562bb339d8}</UniqueIdentifier>
    </Filter>
    <Filter Include="Source files">
      <UniqueIdentifier>{58d25ce8-b1c7-47fb-b5f3-fefbe1bd25bb}</UniqueIdentifier>
    </Filter>
    <Filter Include="Header files\MovementManager">
      <UniqueIdentifier>{963a38c3-ad39-4d59-a33b-c5965c1f5f01}</UniqueIdentifier>
    </Filter>
    <Filter Include="Source files\MovementManager">
      <UniqueIdentifier>{0828839a-bc6f-41cb-b95d-169d28365023}</UniqueIdentifier>
    </Filter>
  </ItemGroup>
</Project>